{
    "_readme": [
        "This file locks the dependencies of your project to a known state",
        "Read more about it at https://getcomposer.org/doc/01-basic-usage.md#composer-lock-the-lock-file",
        "This file is @generated automatically"
    ],
    "hash": "55e5a78fe522ddf48d054a85f0502a9f",
    "content-hash": "dfbd12d5f2f8a326f161f5e5f37b8802",
    "packages": [
        {
            "name": "google/apiclient",
            "version": "1.1.5",
            "source": {
                "type": "git",
                "url": "https://github.com/google/google-api-php-client.git",
                "reference": "2bc00ec4e8fa1a5eec793d800fac339f30b730db"
            },
            "dist": {
                "type": "zip",
                "url": "https://api.github.com/repos/google/google-api-php-client/zipball/2bc00ec4e8fa1a5eec793d800fac339f30b730db",
                "reference": "2bc00ec4e8fa1a5eec793d800fac339f30b730db",
                "shasum": ""
            },
            "require": {
                "php": ">=5.2.1"
            },
            "require-dev": {
                "phpunit/phpunit": "3.7.*",
                "squizlabs/php_codesniffer": "~2.3"
            },
            "type": "library",
            "extra": {
                "branch-alias": {
                    "dev-master": "1.1.x-dev"
                }
            },
            "autoload": {
                "classmap": [
                    "src/"
                ]
            },
            "notification-url": "https://packagist.org/downloads/",
            "license": [
                "Apache-2.0"
            ],
            "description": "Client library for Google APIs",
            "homepage": "http://developers.google.com/api-client-library/php",
            "keywords": [
                "google"
            ],
            "time": "2015-09-23 04:19:33"
        },
        {
            "name": "onoi/cache",
            "version": "1.2.0",
            "source": {
                "type": "git",
                "url": "https://github.com/onoi/cache.git",
                "reference": "ecc999186aab7c8db411aedd892b2e5fe5a0b422"
            },
            "dist": {
                "type": "zip",
                "url": "https://api.github.com/repos/onoi/cache/zipball/ecc999186aab7c8db411aedd892b2e5fe5a0b422",
                "reference": "ecc999186aab7c8db411aedd892b2e5fe5a0b422",
                "shasum": ""
            },
            "require": {
                "php": ">=5.3.2"
            },
            "type": "library",
            "extra": {
                "branch-alias": {
                    "dev-master": "1.x-dev"
                }
            },
            "autoload": {
                "psr-4": {
                    "Onoi\\Cache\\": "src/"
                }
            },
            "notification-url": "https://packagist.org/downloads/",
            "license": [
                "GPL-2.0+"
            ],
            "authors": [
                {
                    "name": "mwjames",
                    "homepage": "https://github.com/mwjames"
                }
            ],
            "description": "A minimalistic cache adapter interface library",
            "homepage": "https://github.com/onoi/cache",
            "keywords": [
                "cache"
            ],
            "time": "2015-06-02 08:52:45"
        },
        {
            "name": "onoi/http-request",
            "version": "1.1.0",
            "source": {
                "type": "git",
                "url": "https://github.com/onoi/http-request.git",
                "reference": "91b89117fe672c1a5426869e4801e3d4d8cce8be"
            },
            "dist": {
                "type": "zip",
                "url": "https://api.github.com/repos/onoi/http-request/zipball/91b89117fe672c1a5426869e4801e3d4d8cce8be",
                "reference": "91b89117fe672c1a5426869e4801e3d4d8cce8be",
                "shasum": ""
            },
            "require": {
                "lib-curl": "*",
                "onoi/cache": "~1.2",
                "php": ">=5.3.2"
            },
            "type": "library",
            "extra": {
                "branch-alias": {
                    "dev-master": "1.x-dev"
                }
            },
            "autoload": {
                "psr-4": {
                    "Onoi\\HttpRequest\\": "src/"
                }
            },
            "notification-url": "https://packagist.org/downloads/",
            "license": [
                "GPL-2.0+"
            ],
            "authors": [
                {
                    "name": "mwjames",
                    "homepage": "https://github.com/mwjames"
                }
            ],
            "description": "A minimalistic http/curl request interface library",
            "homepage": "https://github.com/onoi/http-request",
            "keywords": [
                "curl",
                "http request"
            ],
            "time": "2015-09-12 00:27:19"
        }
    ],
    "packages-dev": [],
    "aliases": [],
    "minimum-stability": "stable",
    "stability-flags": [],
    "prefer-stable": false,
    "prefer-lowest": false,
    "platform": [],
    "platform-dev": []
}
